
Microsoft Visual Studio Solution File, Format Version 12.00
# Visual Studio Version 17
VisualStudioVersion = 17.1.32328.378
MinimumVisualStudioVersion = 10.0.40219.1
Project("{FAE04EC0-301F-11D3-BF4B-00C04F79EFBC}") = "GenericsPrograms", "GenericsPrograms.csproj", "{DEA6673F-DF23-4C4F-AB3B-65DE741E3721}"
EndProject
Global
	GlobalSection(SolutionConfigurationPlatforms) = preSolution
		Debug|Any CPU = Debug|Any CPU
		Release|Any CPU = Release|Any CPU
	EndGlobalSection
	GlobalSection(ProjectConfigurationPlatforms) = postSolution
		{DEA6673F-DF23-4C4F-AB3B-65DE741E3721}.Debug|Any CPU.ActiveCfg = Debug|Any CPU
		{DEA6673F-DF23-4C4F-AB3B-65DE741E3721}.Debug|Any CPU.Build.0 = Debug|Any CPU
		{DEA6673F-DF23-4C4F-AB3B-65DE741E3721}.Release|Any CPU.ActiveCfg = Release|Any CPU
		{DEA6673F-DF23-4C4F-AB3B-65DE741E3721}.Release|Any CPU.Build.0 = Release|Any CPU
	EndGlobalSection
	GlobalSection(SolutionProperties) = preSolution
		HideSolutionNode = FALSE
	EndGlobalSection
	GlobalSection(ExtensibilityGlobals) = postSolution
		SolutionGuid = {FA6E8E65-6D89-4C50-BA64-F064356590E2}
	EndGlobalSection
EndGlobal
